Microsoft Visual Studio Solution File, Format Version 12.00
# Visual Studio Version 17
VisualStudioVersion = 17.5.2.0
MinimumVisualStudioVersion = 10.0.40219.1
Project("{FAE04EC0-301F-11D3-BF4B-00C04F79EFBC}") = "PodcastRandomizer", "PodcastRandomizer.csproj", "{8049C033-A715-6A70-8257-63E18873B51A}"
EndProject
Global
	GlobalSection(SolutionConfigurationPlatforms) = preSolution
		Debug|Any CPU = Debug|Any CPU
		Release|Any CPU = Release|Any CPU
	EndGlobalSection
	GlobalSection(ProjectConfigurationPlatforms) = postSolution
		{8049C033-A715-6A70-8257-63E18873B51A}.Debug|Any CPU.ActiveCfg = Debug|Any CPU
		{8049C033-A715-6A70-8257-63E18873B51A}.Debug|Any CPU.Build.0 = Debug|Any CPU
		{8049C033-A715-6A70-8257-63E18873B51A}.Release|Any CPU.ActiveCfg = Release|Any CPU
		{8049C033-A715-6A70-8257-63E18873B51A}.Release|Any CPU.Build.0 = Release|Any CPU
	EndGlobalSection
	GlobalSection(SolutionProperties) = preSolution
		HideSolutionNode = FALSE
	EndGlobalSection
	GlobalSection(ExtensibilityGlobals) = postSolution
		SolutionGuid = {F7CE9907-A05E-4839-A987-BB9B952FB8DA}
	EndGlobalSection
EndGlobal
